
Microsoft Visual Studio Solution File, Format Version 12.00
# Visual Studio 15
VisualStudioVersion = 15.0.28307.329
MinimumVisualStudioVersion = 10.0.40219.1
Project("{FAE04EC0-301F-11D3-BF4B-00C04F79EFBC}") = "InterfaceTask", "InterfaceTask\InterfaceTask.csproj", "{28112C0F-B6E1-4C3E-B936-F749F19D77A8}"
EndProject
Global
	GlobalSection(SolutionConfigurationPlatforms) = preSolution
		Debug|Any CPU = Debug|Any CPU
		Release|Any CPU = Release|Any CPU
	EndGlobalSection
	GlobalSection(ProjectConfigurationPlatforms) = postSolution
		{28112C0F-B6E1-4C3E-B936-F749F19D77A8}.Debug|Any CPU.ActiveCfg = Debug|Any CPU
		{28112C0F-B6E1-4C3E-B936-F749F19D77A8}.Debug|Any CPU.Build.0 = Debug|Any CPU
		{28112C0F-B6E1-4C3E-B936-F749F19D77A8}.Release|Any CPU.ActiveCfg = Release|Any CPU
		{28112C0F-B6E1-4C3E-B936-F749F19D77A8}.Release|Any CPU.Build.0 = Release|Any CPU
	EndGlobalSection
	GlobalSection(SolutionProperties) = preSolution
		HideSolutionNode = FALSE
	EndGlobalSection
	GlobalSection(ExtensibilityGlobals) = postSolution
		SolutionGuid = {7A1BAF4D-F171-4255-903B-A749674D4426}
	EndGlobalSection
EndGlobal
