
Microsoft Visual Studio Solution File, Format Version 12.00
# Visual Studio 15
VisualStudioVersion = 15.0.28307.271
MinimumVisualStudioVersion = 10.0.40219.1
Project("{FAE04EC0-301F-11D3-BF4B-00C04F79EFBC}") = "BookAndWriter", "BookAndWriter\BookAndWriter.csproj", "{548381D1-5EFA-4499-A877-3B3DFF97D931}"
EndProject
Global
	GlobalSection(SolutionConfigurationPlatforms) = preSolution
		Debug|Any CPU = Debug|Any CPU
		Release|Any CPU = Release|Any CPU
	EndGlobalSection
	GlobalSection(ProjectConfigurationPlatforms) = postSolution
		{548381D1-5EFA-4499-A877-3B3DFF97D931}.Debug|Any CPU.ActiveCfg = Debug|Any CPU
		{548381D1-5EFA-4499-A877-3B3DFF97D931}.Debug|Any CPU.Build.0 = Debug|Any CPU
		{548381D1-5EFA-4499-A877-3B3DFF97D931}.Release|Any CPU.ActiveCfg = Release|Any CPU
		{548381D1-5EFA-4499-A877-3B3DFF97D931}.Release|Any CPU.Build.0 = Release|Any CPU
	EndGlobalSection
	GlobalSection(SolutionProperties) = preSolution
		HideSolutionNode = FALSE
	EndGlobalSection
	GlobalSection(ExtensibilityGlobals) = postSolution
		SolutionGuid = {D908087D-60C6-4813-9FB0-C98596204213}
	EndGlobalSection
EndGlobal
